{
  "object": {
    "pins": [
      {
        "package": "Alamofire",
        "repositoryURL": "https://github.com/Alamofire/Alamofire.git",
        "state": {
          "branch": null,
          "revision": "f82c23a8a7ef8dc1a49a8bfc6a96883e79121864",
          "version": "5.5.0"
        }
      },
      {
        "package": "MBProgressHUD",
        "repositoryURL": "https://github.com/jdg/MBProgressHUD.git",
        "state": {
          "branch": null,
          "revision": "bca42b801100b2b3a4eda0ba8dd33d858c780b0d",
          "version": "1.2.0"
        }
      },
      {
        "package": "TPKeyboardAvoiding",
        "repositoryURL": "https://github.com/michaeltyson/TPKeyboardAvoiding",
        "state": {
          "branch": "master",
          "revision": "3217d6287a6b0ecb1db65a214a2e0fba9934e417",
          "version": null
        }
      }
    ]
  },
  "version": 1
}
