// !$*UTF8*$!
{
	archiveVersion = 1;
	classes = {
	};
	objectVersion = 55;
	objects = {

/* Begin PBXBuildFile section */
		9F31CBBF27762D7E00057BBB /* UITableViewCellBase.swift in Sources */ = {isa = PBXBuildFile; fileRef = 9F31CBBE27762D7E00057BBB /* UITableViewCellBase.swift */; };
		9F31CBC227764D7200057BBB /* MBProgressHUD in Frameworks */ = {isa = PBXBuildFile; productRef = 9F31CBC127764D7200057BBB /* MBProgressHUD */; };
		9F31CBC42776558F00057BBB /* DetailCell.swift in Sources */ = {isa = PBXBuildFile; fileRef = 9F31CBC32776558F00057BBB /* DetailCell.swift */; };
		9F384F272775ECD300059A02 /* TextMiningTests.swift in Sources */ = {isa = PBXBuildFile; fileRef = 9F384F262775ECD300059A02 /* TextMiningTests.swift */; };
		9F849B452774E056000D503F /* AppDelegate.swift in Sources */ = {isa = PBXBuildFile; fileRef = 9F849B442774E056000D503F /* AppDelegate.swift */; };
		9F849B472774E056000D503F /* SceneDelegate.swift in Sources */ = {isa = PBXBuildFile; fileRef = 9F849B462774E056000D503F /* SceneDelegate.swift */; };
		9F849B492774E056000D503F /* SearchViewController.swift in Sources */ = {isa = PBXBuildFile; fileRef = 9F849B482774E056000D503F /* SearchViewController.swift */; };
		9F849B4C2774E056000D503F /* Main.storyboard in Resources */ = {isa = PBXBuildFile; fileRef = 9F849B4A2774E056000D503F /* Main.storyboard */; };
		9F849B4E2774E057000D503F /* Assets.xcassets in Resources */ = {isa = PBXBuildFile; fileRef = 9F849B4D2774E057000D503F /* Assets.xcassets */; };
		9F849B512774E057000D503F /* LaunchScreen.storyboard in Resources */ = {isa = PBXBuildFile; fileRef = 9F849B4F2774E057000D503F /* LaunchScreen.storyboard */; };
		9F849B5D2774F1C2000D503F /* SearchViewModel.swift in Sources */ = {isa = PBXBuildFile; fileRef = 9F849B5C2774F1C2000D503F /* SearchViewModel.swift */; };
		9F849B5F2774F2D4000D503F /* AcronymResponse.swift in Sources */ = {isa = PBXBuildFile; fileRef = 9F849B5E2774F2D4000D503F /* AcronymResponse.swift */; };
		9F849B612774F50C000D503F /* FullForm.swift in Sources */ = {isa = PBXBuildFile; fileRef = 9F849B602774F50C000D503F /* FullForm.swift */; };
		9F849B642774F5C9000D503F /* Alamofire in Frameworks */ = {isa = PBXBuildFile; productRef = 9F849B632774F5C9000D503F /* Alamofire */; };
		9F849B662774F5D7000D503F /* NetworkManager.swift in Sources */ = {isa = PBXBuildFile; fileRef = 9F849B652774F5D7000D503F /* NetworkManager.swift */; };
		9F849B6827750A87000D503F /* FullFormCellViewModel.swift in Sources */ = {isa = PBXBuildFile; fileRef = 9F849B6727750A87000D503F /* FullFormCellViewModel.swift */; };
		9F849B6B27750E24000D503F /* SearchCell.swift in Sources */ = {isa = PBXBuildFile; fileRef = 9F849B6A27750E24000D503F /* SearchCell.swift */; };
		9F849B6E277518FA000D503F /* TPKeyboardAvoiding in Frameworks */ = {isa = PBXBuildFile; productRef = 9F849B6D277518FA000D503F /* TPKeyboardAvoiding */; };
		9F849B7027751C8C000D503F /* ViewModelBase.swift in Sources */ = {isa = PBXBuildFile; fileRef = 9F849B6F27751C8C000D503F /* ViewModelBase.swift */; };
		9F849B7227751CA6000D503F /* DetailViewModel.swift in Sources */ = {isa = PBXBuildFile; fileRef = 9F849B7127751CA6000D503F /* DetailViewModel.swift */; };
		9F849B7427751DAA000D503F /* ViewControllerBase.swift in Sources */ = {isa = PBXBuildFile; fileRef = 9F849B7327751DAA000D503F /* ViewControllerBase.swift */; };
		9F849B76277520BF000D503F /* SearchDetailViewController.swift in Sources */ = {isa = PBXBuildFile; fileRef = 9F849B75277520BF000D503F /* SearchDetailViewController.swift */; };
/* End PBXBuildFile section */

/* Begin PBXContainerItemProxy section */
		9F384F282775ECD300059A02 /* PBXContainerItemProxy */ = {
			isa = PBXContainerItemProxy;
			containerPortal = 9F849B392774E056000D503F /* Project object */;
			proxyType = 1;
			remoteGlobalIDString = 9F849B402774E056000D503F;
			remoteInfo = TextMining;
		};
/* End PBXContainerItemProxy section */

/* Begin PBXFileReference section */
		9F31CBBE27762D7E00057BBB /* UITableViewCellBase.swift */ = {isa = PBXFileReference; lastKnownFileType = sourcecode.swift; path = UITableViewCellBase.swift; sourceTree = "<group>"; };
		9F31CBC32776558F00057BBB /* DetailCell.swift */ = {isa = PBXFileReference; lastKnownFileType = sourcecode.swift; path = DetailCell.swift; sourceTree = "<group>"; };
		9F384F242775ECD300059A02 /* TextMiningTests.xctest */ = {isa = PBXFileReference; explicitFileType = wrapper.cfbundle; includeInIndex = 0; path = TextMiningTests.xctest; sourceTree = BUILT_PRODUCTS_DIR; };
		9F384F262775ECD300059A02 /* TextMiningTests.swift */ = {isa = PBXFileReference; lastKnownFileType = sourcecode.swift; path = TextMiningTests.swift; sourceTree = "<group>"; };
		9F849B412774E056000D503F /* TextMining.app */ = {isa = PBXFileReference; explicitFileType = wrapper.application; includeInIndex = 0; path = TextMining.app; sourceTree = BUILT_PRODUCTS_DIR; };
		9F849B442774E056000D503F /* AppDelegate.swift */ = {isa = PBXFileReference; lastKnownFileType = sourcecode.swift; path = AppDelegate.swift; sourceTree = "<group>"; };
		9F849B462774E056000D503F /* SceneDelegate.swift */ = {isa = PBXFileReference; lastKnownFileType = sourcecode.swift; path = SceneDelegate.swift; sourceTree = "<group>"; };
		9F849B482774E056000D503F /* SearchViewController.swift */ = {isa = PBXFileReference; lastKnownFileType = sourcecode.swift; path = SearchViewController.swift; sourceTree = "<group>"; };
		9F849B4B2774E056000D503F /* Base */ = {isa = PBXFileReference; lastKnownFileType = file.storyboard; name = Base; path = Base.lproj/Main.storyboard; sourceTree = "<group>"; };
		9F849B4D2774E057000D503F /* Assets.xcassets */ = {isa = PBXFileReference; lastKnownFileType = folder.assetcatalog; path = Assets.xcassets; sourceTree = "<group>"; };
		9F849B502774E057000D503F /* Base */ = {isa = PBXFileReference; lastKnownFileType = file.storyboard; name = Base; path = Base.lproj/LaunchScreen.storyboard; sourceTree = "<group>"; };
		9F849B522774E057000D503F /* Info.plist */ = {isa = PBXFileReference; lastKnownFileType = text.plist.xml; path = Info.plist; sourceTree = "<group>"; };
		9F849B5C2774F1C2000D503F /* SearchViewModel.swift */ = {isa = PBXFileReference; lastKnownFileType = sourcecode.swift; path = SearchViewModel.swift; sourceTree = "<group>"; };
		9F849B5E2774F2D4000D503F /* AcronymResponse.swift */ = {isa = PBXFileReference; lastKnownFileType = sourcecode.swift; path = AcronymResponse.swift; sourceTree = "<group>"; };
		9F849B602774F50C000D503F /* FullForm.swift */ = {isa = PBXFileReference; lastKnownFileType = sourcecode.swift; path = FullForm.swift; sourceTree = "<group>"; };
		9F849B652774F5D7000D503F /* NetworkManager.swift */ = {isa = PBXFileReference; lastKnownFileType = sourcecode.swift; path = NetworkManager.swift; sourceTree = "<group>"; };
		9F849B6727750A87000D503F /* FullFormCellViewModel.swift */ = {isa = PBXFileReference; lastKnownFileType = sourcecode.swift; path = FullFormCellViewModel.swift; sourceTree = "<group>"; };
		9F849B6A27750E24000D503F /* SearchCell.swift */ = {isa = PBXFileReference; lastKnownFileType = sourcecode.swift; path = SearchCell.swift; sourceTree = "<group>"; };
		9F849B6F27751C8C000D503F /* ViewModelBase.swift */ = {isa = PBXFileReference; lastKnownFileType = sourcecode.swift; path = ViewModelBase.swift; sourceTree = "<group>"; };
		9F849B7127751CA6000D503F /* DetailViewModel.swift */ = {isa = PBXFileReference; lastKnownFileType = sourcecode.swift; path = DetailViewModel.swift; sourceTree = "<group>"; };
		9F849B7327751DAA000D503F /* ViewControllerBase.swift */ = {isa = PBXFileReference; lastKnownFileType = sourcecode.swift; path = ViewControllerBase.swift; sourceTree = "<group>"; };
		9F849B75277520BF000D503F /* SearchDetailViewController.swift */ = {isa = PBXFileReference; lastKnownFileType = sourcecode.swift; path = SearchDetailViewController.swift; sourceTree = "<group>"; };
/* End PBXFileReference section */

/* Begin PBXFrameworksBuildPhase section */
		9F384F212775ECD300059A02 /* Frameworks */ = {
			isa = PBXFrameworksBuildPhase;
			buildActionMask = 2147483647;
			files = (
			);
			runOnlyForDeploymentPostprocessing = 0;
		};
		9F849B3E2774E056000D503F /* Frameworks */ = {
			isa = PBXFrameworksBuildPhase;
			buildActionMask = 2147483647;
			files = (
				9F31CBC227764D7200057BBB /* MBProgressHUD in Frameworks */,
				9F849B6E277518FA000D503F /* TPKeyboardAvoiding in Frameworks */,
				9F849B642774F5C9000D503F /* Alamofire in Frameworks */,
			);
			runOnlyForDeploymentPostprocessing = 0;
		};
/* End PBXFrameworksBuildPhase section */

/* Begin PBXGroup section */
		9F384F252775ECD300059A02 /* TextMiningTests */ = {
			isa = PBXGroup;
			children = (
				9F384F262775ECD300059A02 /* TextMiningTests.swift */,
			);
			path = TextMiningTests;
			sourceTree = "<group>";
		};
		9F849B382774E056000D503F = {
			isa = PBXGroup;
			children = (
				9F849B432774E056000D503F /* TextMining */,
				9F384F252775ECD300059A02 /* TextMiningTests */,
				9F849B422774E056000D503F /* Products */,
			);
			sourceTree = "<group>";
		};
		9F849B422774E056000D503F /* Products */ = {
			isa = PBXGroup;
			children = (
				9F849B412774E056000D503F /* TextMining.app */,
				9F384F242775ECD300059A02 /* TextMiningTests.xctest */,
			);
			name = Products;
			sourceTree = "<group>";
		};
		9F849B432774E056000D503F /* TextMining */ = {
			isa = PBXGroup;
			children = (
				9F849B442774E056000D503F /* AppDelegate.swift */,
				9F849B462774E056000D503F /* SceneDelegate.swift */,
				9F849B6927750E0A000D503F /* Cell */,
				9F849B5B2774E08C000D503F /* ViewController */,
				9F849B5A2774E084000D503F /* ViewModel */,
				9F849B592774E073000D503F /* Network */,
				9F849B582774E069000D503F /* Model */,
				9F849B4A2774E056000D503F /* Main.storyboard */,
				9F849B4D2774E057000D503F /* Assets.xcassets */,
				9F849B4F2774E057000D503F /* LaunchScreen.storyboard */,
				9F849B522774E057000D503F /* Info.plist */,
			);
			path = TextMining;
			sourceTree = "<group>";
		};
		9F849B582774E069000D503F /* Model */ = {
			isa = PBXGroup;
			children = (
				9F849B5E2774F2D4000D503F /* AcronymResponse.swift */,
				9F849B602774F50C000D503F /* FullForm.swift */,
			);
			path = Model;
			sourceTree = "<group>";
		};
		9F849B592774E073000D503F /* Network */ = {
			isa = PBXGroup;
			children = (
				9F849B652774F5D7000D503F /* NetworkManager.swift */,
			);
			path = Network;
			sourceTree = "<group>";
		};
		9F849B5A2774E084000D503F /* ViewModel */ = {
			isa = PBXGroup;
			children = (
				9F849B5C2774F1C2000D503F /* SearchViewModel.swift */,
				9F849B7127751CA6000D503F /* DetailViewModel.swift */,
				9F849B6F27751C8C000D503F /* ViewModelBase.swift */,
				9F849B6727750A87000D503F /* FullFormCellViewModel.swift */,
			);
			path = ViewModel;
			sourceTree = "<group>";
		};
		9F849B5B2774E08C000D503F /* ViewController */ = {
			isa = PBXGroup;
			children = (
				9F849B482774E056000D503F /* SearchViewController.swift */,
				9F849B7327751DAA000D503F /* ViewControllerBase.swift */,
				9F849B75277520BF000D503F /* SearchDetailViewController.swift */,
			);
			path = ViewController;
			sourceTree = "<group>";
		};
		9F849B6927750E0A000D503F /* Cell */ = {
			isa = PBXGroup;
			children = (
				9F849B6A27750E24000D503F /* SearchCell.swift */,
				9F31CBBE27762D7E00057BBB /* UITableViewCellBase.swift */,
				9F31CBC32776558F00057BBB /* DetailCell.swift */,
			);
			path = Cell;
			sourceTree = "<group>";
		};
/* End PBXGroup section */

/* Begin PBXNativeTarget section */
		9F384F232775ECD300059A02 /* TextMiningTests */ = {
			isa = PBXNativeTarget;
			buildConfigurationList = 9F384F2C2775ECD300059A02 /* Build configuration list for PBXNativeTarget "TextMiningTests" */;
			buildPhases = (
				9F384F202775ECD300059A02 /* Sources */,
				9F384F212775ECD300059A02 /* Frameworks */,
				9F384F222775ECD300059A02 /* Resources */,
			);
			buildRules = (
			);
			dependencies = (
				9F384F292775ECD300059A02 /* PBXTargetDependency */,
			);
			name = TextMiningTests;
			productName = TextMiningTests;
			productReference = 9F384F242775ECD300059A02 /* TextMiningTests.xctest */;
			productType = "com.apple.product-type.bundle.unit-test";
		};
		9F849B402774E056000D503F /* TextMining */ = {
			isa = PBXNativeTarget;
			buildConfigurationList = 9F849B552774E057000D503F /* Build configuration list for PBXNativeTarget "TextMining" */;
			buildPhases = (
				9F849B3D2774E056000D503F /* Sources */,
				9F849B3E2774E056000D503F /* Frameworks */,
				9F849B3F2774E056000D503F /* Resources */,
			);
			buildRules = (
			);
			dependencies = (
			);
			name = TextMining;
			packageProductDependencies = (
				9F849B632774F5C9000D503F /* Alamofire */,
				9F849B6D277518FA000D503F /* TPKeyboardAvoiding */,
				9F31CBC127764D7200057BBB /* MBProgressHUD */,
			);
			productName = TextMining;
			productReference = 9F849B412774E056000D503F /* TextMining.app */;
			productType = "com.apple.product-type.application";
		};
/* End PBXNativeTarget section */

/* Begin PBXProject section */
		9F849B392774E056000D503F /* Project object */ = {
			isa = PBXProject;
			attributes = {
				BuildIndependentTargetsInParallel = 1;
				LastSwiftUpdateCheck = 1310;
				LastUpgradeCheck = 1310;
				TargetAttributes = {
					9F384F232775ECD300059A02 = {
						CreatedOnToolsVersion = 13.1;
						TestTargetID = 9F849B402774E056000D503F;
					};
					9F849B402774E056000D503F = {
						CreatedOnToolsVersion = 13.1;
					};
				};
			};
			buildConfigurationList = 9F849B3C2774E056000D503F /* Build configuration list for PBXProject "TextMining" */;
			compatibilityVersion = "Xcode 13.0";
			developmentRegion = en;
			hasScannedForEncodings = 0;
			knownRegions = (
				en,
				Base,
			);
			mainGroup = 9F849B382774E056000D503F;
			packageReferences = (
				9F849B622774F5C9000D503F /* XCRemoteSwiftPackageReference "Alamofire" */,
				9F849B6C277518FA000D503F /* XCRemoteSwiftPackageReference "TPKeyboardAvoiding" */,
				9F31CBC027764D7200057BBB /* XCRemoteSwiftPackageReference "MBProgressHUD" */,
			);
			productRefGroup = 9F849B422774E056000D503F /* Products */;
			projectDirPath = "";
			projectRoot = "";
			targets = (
				9F849B402774E056000D503F /* TextMining */,
				9F384F232775ECD300059A02 /* TextMiningTests */,
			);
		};
/* End PBXProject section */

/* Begin PBXResourcesBuildPhase section */
		9F384F222775ECD300059A02 /* Resources */ = {
			isa = PBXResourcesBuildPhase;
			buildActionMask = 2147483647;
			files = (
			);
			runOnlyForDeploymentPostprocessing = 0;
		};
		9F849B3F2774E056000D503F /* Resources */ = {
			isa = PBXResourcesBuildPhase;
			buildActionMask = 2147483647;
			files = (
				9F849B512774E057000D503F /* LaunchScreen.storyboard in Resources */,
				9F849B4E2774E057000D503F /* Assets.xcassets in Resources */,
				9F849B4C2774E056000D503F /* Main.storyboard in Resources */,
			);
			runOnlyForDeploymentPostprocessing = 0;
		};
/* End PBXResourcesBuildPhase section */

/* Begin PBXSourcesBuildPhase section */
		9F384F202775ECD300059A02 /* Sources */ = {
			isa = PBXSourcesBuildPhase;
			buildActionMask = 2147483647;
			files = (
				9F384F272775ECD300059A02 /* TextMiningTests.swift in Sources */,
			);
			runOnlyForDeploymentPostprocessing = 0;
		};
		9F849B3D2774E056000D503F /* Sources */ = {
			isa = PBXSourcesBuildPhase;
			buildActionMask = 2147483647;
			files = (
				9F849B492774E056000D503F /* SearchViewController.swift in Sources */,
				9F849B6827750A87000D503F /* FullFormCellViewModel.swift in Sources */,
				9F849B452774E056000D503F /* AppDelegate.swift in Sources */,
				9F849B5D2774F1C2000D503F /* SearchViewModel.swift in Sources */,
				9F849B6B27750E24000D503F /* SearchCell.swift in Sources */,
				9F31CBC42776558F00057BBB /* DetailCell.swift in Sources */,
				9F849B7027751C8C000D503F /* ViewModelBase.swift in Sources */,
				9F849B662774F5D7000D503F /* NetworkManager.swift in Sources */,
				9F849B5F2774F2D4000D503F /* AcronymResponse.swift in Sources */,
				9F849B612774F50C000D503F /* FullForm.swift in Sources */,
				9F849B7427751DAA000D503F /* ViewControllerBase.swift in Sources */,
				9F849B7227751CA6000D503F /* DetailViewModel.swift in Sources */,
				9F849B76277520BF000D503F /* SearchDetailViewController.swift in Sources */,
				9F31CBBF27762D7E00057BBB /* UITableViewCellBase.swift in Sources */,
				9F849B472774E056000D503F /* SceneDelegate.swift in Sources */,
			);
			runOnlyForDeploymentPostprocessing = 0;
		};
/* End PBXSourcesBuildPhase section */

/* Begin PBXTargetDependency section */
		9F384F292775ECD300059A02 /* PBXTargetDependency */ = {
			isa = PBXTargetDependency;
			target = 9F849B402774E056000D503F /* TextMining */;
			targetProxy = 9F384F282775ECD300059A02 /* PBXContainerItemProxy */;
		};
/* End PBXTargetDependency section */

/* Begin PBXVariantGroup section */
		9F849B4A2774E056000D503F /* Main.storyboard */ = {
			isa = PBXVariantGroup;
			children = (
				9F849B4B2774E056000D503F /* Base */,
			);
			name = Main.storyboard;
			sourceTree = "<group>";
		};
		9F849B4F2774E057000D503F /* LaunchScreen.storyboard */ = {
			isa = PBXVariantGroup;
			children = (
				9F849B502774E057000D503F /* Base */,
			);
			name = LaunchScreen.storyboard;
			sourceTree = "<group>";
		};
/* End PBXVariantGroup section */

/* Begin XCBuildConfiguration section */
		9F384F2A2775ECD300059A02 /* Debug */ = {
			isa = XCBuildConfiguration;
			buildSettings = {
				BUNDLE_LOADER = "$(TEST_HOST)";
				CODE_SIGN_STYLE = Automatic;
				CURRENT_PROJECT_VERSION = 1;
				DEVELOPMENT_TEAM = K59P8WJ957;
				GENERATE_INFOPLIST_FILE = YES;
				LD_RUNPATH_SEARCH_PATHS = (
					"$(inherited)",
					"@executable_path/Frameworks",
					"@loader_path/Frameworks",
				);
				MARKETING_VERSION = 1.0;
				PRODUCT_BUNDLE_IDENTIFIER = com.DreamsSolution.TextMiningTests;
				PRODUCT_NAME = "$(TARGET_NAME)";
				SWIFT_EMIT_LOC_STRINGS = NO;
				SWIFT_VERSION = 5.0;
				TARGETED_DEVICE_FAMILY = "1,2";
				TEST_HOST = "$(BUILT_PRODUCTS_DIR)/TextMining.app/TextMining";
			};
			name = Debug;
		};
		9F384F2B2775ECD300059A02 /* Release */ = {
			isa = XCBuildConfiguration;
			buildSettings = {
				BUNDLE_LOADER = "$(TEST_HOST)";
				CODE_SIGN_STYLE = Automatic;
				CURRENT_PROJECT_VERSION = 1;
				DEVELOPMENT_TEAM = K59P8WJ957;
				GENERATE_INFOPLIST_FILE = YES;
				LD_RUNPATH_SEARCH_PATHS = (
					"$(inherited)",
					"@executable_path/Frameworks",
					"@loader_path/Frameworks",
				);
				MARKETING_VERSION = 1.0;
				PRODUCT_BUNDLE_IDENTIFIER = com.DreamsSolution.TextMiningTests;
				PRODUCT_NAME = "$(TARGET_NAME)";
				SWIFT_EMIT_LOC_STRINGS = NO;
				SWIFT_VERSION = 5.0;
				TARGETED_DEVICE_FAMILY = "1,2";
				TEST_HOST = "$(BUILT_PRODUCTS_DIR)/TextMining.app/TextMining";
			};
			name = Release;
		};
		9F849B532774E057000D503F /* Debug */ = {
			isa = XCBuildConfiguration;
			buildSettings = {
				ALWAYS_SEARCH_USER_PATHS = NO;
				CLANG_ANALYZER_NONNULL = YES;
				CLANG_ANALYZER_NUMBER_OBJECT_CONVERSION = YES_AGGRESSIVE;
				CLANG_CXX_LANGUAGE_STANDARD = "gnu++17";
				CLANG_CXX_LIBRARY = "libc++";
				CLANG_ENABLE_MODULES = YES;
				CLANG_ENABLE_OBJC_ARC = YES;
				CLANG_ENABLE_OBJC_WEAK = YES;
				CLANG_WARN_BLOCK_CAPTURE_AUTORELEASING = YES;
				CLANG_WARN_BOOL_CONVERSION = YES;
				CLANG_WARN_COMMA = YES;
				CLANG_WARN_CONSTANT_CONVERSION = YES;
				CLANG_WARN_DEPRECATED_OBJC_IMPLEMENTATIONS = YES;
				CLANG_WARN_DIRECT_OBJC_ISA_USAGE = YES_ERROR;
				CLANG_WARN_DOCUMENTATION_COMMENTS = YES;
				CLANG_WARN_EMPTY_BODY = YES;
				CLANG_WARN_ENUM_CONVERSION = YES;
				CLANG_WARN_INFINITE_RECURSION = YES;
				CLANG_WARN_INT_CONVERSION = YES;
				CLANG_WARN_NON_LITERAL_NULL_CONVERSION = YES;
				CLANG_WARN_OBJC_IMPLICIT_RETAIN_SELF = YES;
				CLANG_WARN_OBJC_LITERAL_CONVERSION = YES;
				CLANG_WARN_OBJC_ROOT_CLASS = YES_ERROR;
				CLANG_WARN_QUOTED_INCLUDE_IN_FRAMEWORK_HEADER = YES;
				CLANG_WARN_RANGE_LOOP_ANALYSIS = YES;
				CLANG_WARN_STRICT_PROTOTYPES = YES;
				CLANG_WARN_SUSPICIOUS_MOVE = YES;
				CLANG_WARN_UNGUARDED_AVAILABILITY = YES_AGGRESSIVE;
				CLANG_WARN_UNREACHABLE_CODE = YES;
				CLANG_WARN__DUPLICATE_METHOD_MATCH = YES;
				COPY_PHASE_STRIP = NO;
				DEBUG_INFORMATION_FORMAT = dwarf;
				ENABLE_STRICT_OBJC_MSGSEND = YES;
				ENABLE_TESTABILITY = YES;
				GCC_C_LANGUAGE_STANDARD = gnu11;
				GCC_DYNAMIC_NO_PIC = NO;
				GCC_NO_COMMON_BLOCKS = YES;
				GCC_OPTIMIZATION_LEVEL = 0;
				GCC_PREPROCESSOR_DEFINITIONS = (
					"DEBUG=1",
					"$(inherited)",
				);
				GCC_WARN_64_TO_32_BIT_CONVERSION = YES;
				GCC_WARN_ABOUT_RETURN_TYPE = YES_ERROR;
				GCC_WARN_UNDECLARED_SELECTOR = YES;
				GCC_WARN_UNINITIALIZED_AUTOS = YES_AGGRESSIVE;
				GCC_WARN_UNUSED_FUNCTION = YES;
				GCC_WARN_UNUSED_VARIABLE = YES;
				IPHONEOS_DEPLOYMENT_TARGET = 15.0;
				MTL_ENABLE_DEBUG_INFO = INCLUDE_SOURCE;
				MTL_FAST_MATH = YES;
				ONLY_ACTIVE_ARCH = YES;
				SDKROOT = iphoneos;
				SWIFT_ACTIVE_COMPILATION_CONDITIONS = DEBUG;
				SWIFT_OPTIMIZATION_LEVEL = "-Onone";
			};
			name = Debug;
		};
		9F849B542774E057000D503F /* Release */ = {
			isa = XCBuildConfiguration;
			buildSettings = {
				ALWAYS_SEARCH_USER_PATHS = NO;
				CLANG_ANALYZER_NONNULL = YES;
				CLANG_ANALYZER_NUMBER_OBJECT_CONVERSION = YES_AGGRESSIVE;
				CLANG_CXX_LANGUAGE_STANDARD = "gnu++17";
				CLANG_CXX_LIBRARY = "libc++";
				CLANG_ENABLE_MODULES = YES;
				CLANG_ENABLE_OBJC_ARC = YES;
				CLANG_ENABLE_OBJC_WEAK = YES;
				CLANG_WARN_BLOCK_CAPTURE_AUTORELEASING = YES;
				CLANG_WARN_BOOL_CONVERSION = YES;
				CLANG_WARN_COMMA = YES;
				CLANG_WARN_CONSTANT_CONVERSION = YES;
				CLANG_WARN_DEPRECATED_OBJC_IMPLEMENTATIONS = YES;
				CLANG_WARN_DIRECT_OBJC_ISA_USAGE = YES_ERROR;
				CLANG_WARN_DOCUMENTATION_COMMENTS = YES;
				CLANG_WARN_EMPTY_BODY = YES;
				CLANG_WARN_ENUM_CONVERSION = YES;
				CLANG_WARN_INFINITE_RECURSION = YES;
				CLANG_WARN_INT_CONVERSION = YES;
				CLANG_WARN_NON_LITERAL_NULL_CONVERSION = YES;
				CLANG_WARN_OBJC_IMPLICIT_RETAIN_SELF = YES;
				CLANG_WARN_OBJC_LITERAL_CONVERSION = YES;
				CLANG_WARN_OBJC_ROOT_CLASS = YES_ERROR;
				CLANG_WARN_QUOTED_INCLUDE_IN_FRAMEWORK_HEADER = YES;
				CLANG_WARN_RANGE_LOOP_ANALYSIS = YES;
				CLANG_WARN_STRICT_PROTOTYPES = YES;
				CLANG_WARN_SUSPICIOUS_MOVE = YES;
				CLANG_WARN_UNGUARDED_AVAILABILITY = YES_AGGRESSIVE;
				CLANG_WARN_UNREACHABLE_CODE = YES;
				CLANG_WARN__DUPLICATE_METHOD_MATCH = YES;
				COPY_PHASE_STRIP = NO;
				DEBUG_INFORMATION_FORMAT = "dwarf-with-dsym";
				ENABLE_NS_ASSERTIONS = NO;
				ENABLE_STRICT_OBJC_MSGSEND = YES;
				GCC_C_LANGUAGE_STANDARD = gnu11;
				GCC_NO_COMMON_BLOCKS = YES;
				GCC_WARN_64_TO_32_BIT_CONVERSION = YES;
				GCC_WARN_ABOUT_RETURN_TYPE = YES_ERROR;
				GCC_WARN_UNDECLARED_SELECTOR = YES;
				GCC_WARN_UNINITIALIZED_AUTOS = YES_AGGRESSIVE;
				GCC_WARN_UNUSED_FUNCTION = YES;
				GCC_WARN_UNUSED_VARIABLE = YES;
				IPHONEOS_DEPLOYMENT_TARGET = 15.0;
				MTL_ENABLE_DEBUG_INFO = NO;
				MTL_FAST_MATH = YES;
				SDKROOT = iphoneos;
				SWIFT_COMPILATION_MODE = wholemodule;
				SWIFT_OPTIMIZATION_LEVEL = "-O";
				VALIDATE_PRODUCT = YES;
			};
			name = Release;
		};
		9F849B562774E057000D503F /* Debug */ = {
			isa = XCBuildConfiguration;
			buildSettings = {
				ASSETCATALOG_COMPILER_APPICON_NAME = AppIcon;
				ASSETCATALOG_COMPILER_GLOBAL_ACCENT_COLOR_NAME = AccentColor;
				CODE_SIGN_STYLE = Automatic;
				CURRENT_PROJECT_VERSION = 1;
				DEVELOPMENT_TEAM = K59P8WJ957;
				GENERATE_INFOPLIST_FILE = YES;
				INFOPLIST_FILE = TextMining/Info.plist;
				INFOPLIST_KEY_UIApplicationSupportsIndirectInputEvents = YES;
				INFOPLIST_KEY_UILaunchStoryboardName = LaunchScreen;
				INFOPLIST_KEY_UIMainStoryboardFile = Main;
				INFOPLIST_KEY_UISupportedInterfaceOrientations_iPad = "UIInterfaceOrientationPortrait UIInterfaceOrientationPortraitUpsideDown UIInterfaceOrientationLandscapeLeft UIInterfaceOrientationLandscapeRight";
				INFOPLIST_KEY_UISupportedInterfaceOrientations_iPhone = "UIInterfaceOrientationPortrait UIInterfaceOrientationLandscapeLeft UIInterfaceOrientationLandscapeRight";
				LD_RUNPATH_SEARCH_PATHS = (
					"$(inherited)",
					"@executable_path/Frameworks",
				);
				MARKETING_VERSION = 1.0;
				PRODUCT_BUNDLE_IDENTIFIER = com.DreamsSolution.TextMining;
				PRODUCT_NAME = "$(TARGET_NAME)";
				SWIFT_EMIT_LOC_STRINGS = YES;
				SWIFT_VERSION = 5.0;
				TARGETED_DEVICE_FAMILY = "1,2";
			};
			name = Debug;
		};
		9F849B572774E057000D503F /* Release */ = {
			isa = XCBuildConfiguration;
			buildSettings = {
				ASSETCATALOG_COMPILER_APPICON_NAME = AppIcon;
				ASSETCATALOG_COMPILER_GLOBAL_ACCENT_COLOR_NAME = AccentColor;
				CODE_SIGN_STYLE = Automatic;
				CURRENT_PROJECT_VERSION = 1;
				DEVELOPMENT_TEAM = K59P8WJ957;
				GENERATE_INFOPLIST_FILE = YES;
				INFOPLIST_FILE = TextMining/Info.plist;
				INFOPLIST_KEY_UIApplicationSupportsIndirectInputEvents = YES;
				INFOPLIST_KEY_UILaunchStoryboardName = LaunchScreen;
				INFOPLIST_KEY_UIMainStoryboardFile = Main;
				INFOPLIST_KEY_UISupportedInterfaceOrientations_iPad = "UIInterfaceOrientationPortrait UIInterfaceOrientationPortraitUpsideDown UIInterfaceOrientationLandscapeLeft UIInterfaceOrientationLandscapeRight";
				INFOPLIST_KEY_UISupportedInterfaceOrientations_iPhone = "UIInterfaceOrientationPortrait UIInterfaceOrientationLandscapeLeft UIInterfaceOrientationLandscapeRight";
				LD_RUNPATH_SEARCH_PATHS = (
					"$(inherited)",
					"@executable_path/Frameworks",
				);
				MARKETING_VERSION = 1.0;
				PRODUCT_BUNDLE_IDENTIFIER = com.DreamsSolution.TextMining;
				PRODUCT_NAME = "$(TARGET_NAME)";
				SWIFT_EMIT_LOC_STRINGS = YES;
				SWIFT_VERSION = 5.0;
				TARGETED_DEVICE_FAMILY = "1,2";
			};
			name = Release;
		};
/* End XCBuildConfiguration section */

/* Begin XCConfigurationList section */
		9F384F2C2775ECD300059A02 /* Build configuration list for PBXNativeTarget "TextMiningTests" */ = {
			isa = XCConfigurationList;
			buildConfigurations = (
				9F384F2A2775ECD300059A02 /* Debug */,
				9F384F2B2775ECD300059A02 /* Release */,
			);
			defaultConfigurationIsVisible = 0;
			defaultConfigurationName = Release;
		};
		9F849B3C2774E056000D503F /* Build configuration list for PBXProject "TextMining" */ = {
			isa = XCConfigurationList;
			buildConfigurations = (
				9F849B532774E057000D503F /* Debug */,
				9F849B542774E057000D503F /* Release */,
			);
			defaultConfigurationIsVisible = 0;
			defaultConfigurationName = Release;
		};
		9F849B552774E057000D503F /* Build configuration list for PBXNativeTarget "TextMining" */ = {
			isa = XCConfigurationList;
			buildConfigurations = (
				9F849B562774E057000D503F /* Debug */,
				9F849B572774E057000D503F /* Release */,
			);
			defaultConfigurationIsVisible = 0;
			defaultConfigurationName = Release;
		};
/* End XCConfigurationList section */

/* Begin XCRemoteSwiftPackageReference section */
		9F31CBC027764D7200057BBB /* XCRemoteSwiftPackageReference "MBProgressHUD" */ = {
			isa = XCRemoteSwiftPackageReference;
			repositoryURL = "https://github.com/jdg/MBProgressHUD.git";
			requirement = {
				kind = upToNextMajorVersion;
				minimumVersion = 1.0.0;
			};
		};
		9F849B622774F5C9000D503F /* XCRemoteSwiftPackageReference "Alamofire" */ = {
			isa = XCRemoteSwiftPackageReference;
			repositoryURL = "https://github.com/Alamofire/Alamofire.git";
			requirement = {
				kind = upToNextMajorVersion;
				minimumVersion = 5.0.0;
			};
		};
		9F849B6C277518FA000D503F /* XCRemoteSwiftPackageReference "TPKeyboardAvoiding" */ = {
			isa = XCRemoteSwiftPackageReference;
			repositoryURL = "https://github.com/michaeltyson/TPKeyboardAvoiding";
			requirement = {
				branch = master;
				kind = branch;
			};
		};
/* End XCRemoteSwiftPackageReference section */

/* Begin XCSwiftPackageProductDependency section */
		9F31CBC127764D7200057BBB /* MBProgressHUD */ = {
			isa = XCSwiftPackageProductDependency;
			package = 9F31CBC027764D7200057BBB /* XCRemoteSwiftPackageReference "MBProgressHUD" */;
			productName = MBProgressHUD;
		};
		9F849B632774F5C9000D503F /* Alamofire */ = {
			isa = XCSwiftPackageProductDependency;
			package = 9F849B622774F5C9000D503F /* XCRemoteSwiftPackageReference "Alamofire" */;
			productName = Alamofire;
		};
		9F849B6D277518FA000D503F /* TPKeyboardAvoiding */ = {
			isa = XCSwiftPackageProductDependency;
			package = 9F849B6C277518FA000D503F /* XCRemoteSwiftPackageReference "TPKeyboardAvoiding" */;
			productName = TPKeyboardAvoiding;
		};
/* End XCSwiftPackageProductDependency section */
	};
	rootObject = 9F849B392774E056000D503F /* Project object */;
}
